
Microsoft Visual Studio Solution File, Format Version 12.00
# Visual Studio Version 16
VisualStudioVersion = 16.0.31515.178
MinimumVisualStudioVersion = 10.0.40219.1
Project("{FAE04EC0-301F-11D3-BF4B-00C04F79EFBC}") = "equinoxapp", "equinoxapp.csproj", "{E9043F4F-2824-42F0-96D7-024D0711C53C}"
EndProject
Global
	GlobalSection(SolutionConfigurationPlatforms) = preSolution
		Debug|Any CPU = Debug|Any CPU
		Release|Any CPU = Release|Any CPU
	EndGlobalSection
	GlobalSection(ProjectConfigurationPlatforms) = postSolution
		{E9043F4F-2824-42F0-96D7-024D0711C53C}.Debug|Any CPU.ActiveCfg = Debug|Any CPU
		{E9043F4F-2824-42F0-96D7-024D0711C53C}.Debug|Any CPU.Build.0 = Debug|Any CPU
		{E9043F4F-2824-42F0-96D7-024D0711C53C}.Release|Any CPU.ActiveCfg = Release|Any CPU
		{E9043F4F-2824-42F0-96D7-024D0711C53C}.Release|Any CPU.Build.0 = Release|Any CPU
	EndGlobalSection
	GlobalSection(SolutionProperties) = preSolution
		HideSolutionNode = FALSE
	EndGlobalSection
	GlobalSection(ExtensibilityGlobals) = postSolution
		SolutionGuid = {57066992-E05D-411A-8320-AE6ABF24E2BD}
	EndGlobalSection
EndGlobal
